{
  "name": "rush-revenue-online",
  "version": "1.0.0-alpha.1",
  "lockfileVersion": 3,
  "requires": true,
  "packages": {
    "": {
      "name": "rush-revenue-online",
      "version": "1.0.0-alpha.1",
      "dependencies": {
        "ws": "8.21.1"
      },
      "devDependencies": {
        "@gdscript-analyzer/core": "0.6.1",
        "@types/node": "24.10.1",
        "@types/ws": "8.18.1",
        "typescript": "5.9.3"
      },
      "engines": {
        "node": ">=24.0.0"
      }
    },
    "node_modules/@gdscript-analyzer/core": {
      "version": "0.6.1",
      "resolved": "https://registry.npmjs.org/@gdscript-analyzer/core/-/core-0.6.1.tgz",
      "integrity": "sha512-z+wtN7F5gA5vWF3Jwtx4iSzsvxeMzItd2RLdtxGep6o7bu+OHLXfaYvxK9vYbnNNJKw540Ipft6FgilWh96DbA==",
      "dev": true,
      "license": "(MIT OR Apache-2.0)",
      "engines": {
        "node": ">=20"
      },
      "optionalDependencies": {
        "@gdscript-analyzer/core-darwin-arm64": "0.6.1",
        "@gdscript-analyzer/core-darwin-x64": "0.6.1",
        "@gdscript-analyzer/core-linux-arm64-gnu": "0.6.1",
        "@gdscript-analyzer/core-linux-x64-gnu": "0.6.1",
        "@gdscript-analyzer/core-win32-arm64-msvc": "0.6.1",
        "@gdscript-analyzer/core-win32-x64-msvc": "0.6.1"
      }
    },
    "node_modules/@gdscript-analyzer/core-darwin-arm64": {
      "version": "0.6.1",
      "resolved": "https://registry.npmjs.org/@gdscript-analyzer/core-darwin-arm64/-/core-darwin-arm64-0.6.1.tgz",
      "integrity": "sha512-kyvttDC4AgN2CdY9mVmWYs+6vr5pvYPmrYSKH7eCnbLwFqk1tF7FvukIT2gioDmJWR/v55duBAtXCmRWo606wA==",
      "cpu": [
        "arm64"
      ],
      "dev": true,
      "license": "(MIT OR Apache-2.0)",
      "optional": true,
      "os": [
        "darwin"
      ],
      "engines": {
        "node": ">=20"
      }
    },
    "node_modules/@gdscript-analyzer/core-darwin-x64": {
      "version": "0.6.1",
      "resolved": "https://registry.npmjs.org/@gdscript-analyzer/core-darwin-x64/-/core-darwin-x64-0.6.1.tgz",
      "integrity": "sha512-8GK9HMRtm9HPunyNaA0SprEdhvdfSPlace0V6XWyY1fIginoycrzpvExuApGU4wXVJz/C2qIqrprwc+sBYG84g==",
      "cpu": [
        "x64"
      ],
      "dev": true,
      "license": "(MIT OR Apache-2.0)",
      "optional": true,
      "os": [
        "darwin"
      ],
      "engines": {
        "node": ">=20"
      }
    },
    "node_modules/@gdscript-analyzer/core-linux-arm64-gnu": {
      "version": "0.6.1",
      "resolved": "https://registry.npmjs.org/@gdscript-analyzer/core-linux-arm64-gnu/-/core-linux-arm64-gnu-0.6.1.tgz",
      "integrity": "sha512-edA8InudDap5PxULHVhXz4JI0CHhZkmnGfpHBQ6Zh7jsNyQHMRWIY3sDbZyUIKlQgdYjK4rFs3893j/sRy6w4A==",
      "cpu": [
        "arm64"
      ],
      "dev": true,
      "license": "(MIT OR Apache-2.0)",
      "optional": true,
      "os": [
        "linux"
      ],
      "engines": {
        "node": ">=20"
      }
    },
    "node_modules/@gdscript-analyzer/core-linux-x64-gnu": {
      "version": "0.6.1",
      "resolved": "https://registry.npmjs.org/@gdscript-analyzer/core-linux-x64-gnu/-/core-linux-x64-gnu-0.6.1.tgz",
      "integrity": "sha512-K0Ay0hovivYrbr91q+nLf0iZ0xSFgeVwtIYIKWPJ092MzMK/KKR3qpc/k+B9xNwUx3bQwN0fwM0YUm9SEhtUzQ==",
      "cpu": [
        "x64"
      ],
      "dev": true,
      "license": "(MIT OR Apache-2.0)",
      "optional": true,
      "os": [
        "linux"
      ],
      "engines": {
        "node": ">=20"
      }
    },
    "node_modules/@gdscript-analyzer/core-win32-arm64-msvc": {
      "version": "0.6.1",
      "resolved": "https://registry.npmjs.org/@gdscript-analyzer/core-win32-arm64-msvc/-/core-win32-arm64-msvc-0.6.1.tgz",
      "integrity": "sha512-wieroh8Zgk8g9xBr86mPVk9KxUGFXoJ6HesUdoQZ3Xv7LfopFxWAEU6puPwJhd+Jv6lhQbGcxcIJSN2qF6fCXA==",
      "cpu": [
        "arm64"
      ],
      "dev": true,
      "license": "(MIT OR Apache-2.0)",
      "optional": true,
      "os": [
        "win32"
      ],
      "engines": {
        "node": ">=20"
      }
    },
    "node_modules/@gdscript-analyzer/core-win32-x64-msvc": {
      "version": "0.6.1",
      "resolved": "https://registry.npmjs.org/@gdscript-analyzer/core-win32-x64-msvc/-/core-win32-x64-msvc-0.6.1.tgz",
      "integrity": "sha512-6Z0zrbdwSFWyFZ/6OwXdRvD6ftq5qZEDNg48zeCM8znaBJXovglkrLyMqyUfm8A3Q4/XBzo6LhkU/I7/Y48X8g==",
      "cpu": [
        "x64"
      ],
      "dev": true,
      "license": "(MIT OR Apache-2.0)",
      "optional": true,
      "os": [
        "win32"
      ],
      "engines": {
        "node": ">=20"
      }
    },
    "node_modules/@types/node": {
      "version": "24.10.1",
      "resolved": "https://registry.npmjs.org/@types/node/-/node-24.10.1.tgz",
      "integrity": "sha512-GNWcUTRBgIRJD5zj+Tq0fKOJ5XZajIiBroOF0yvj2bSU1WvNdYS/dn9UxwsujGW4JX06dnHyjV2y9rRaybH0iQ==",
      "dev": true,
      "license": "MIT",
      "dependencies": {
        "undici-types": "~7.16.0"
      }
    },
    "node_modules/@types/ws": {
      "version": "8.18.1",
      "resolved": "https://registry.npmjs.org/@types/ws/-/ws-8.18.1.tgz",
      "integrity": "sha512-ThVF6DCVhA8kUGy+aazFQ4kXQ7E1Ty7A3ypFOe0IcJV8O/M511G99AW24irKrW56Wt44yG9+ij8FaqoBGkuBXg==",
      "dev": true,
      "license": "MIT",
      "dependencies": {
        "@types/node": "*"
      }
    },
    "node_modules/typescript": {
      "version": "5.9.3",
      "resolved": "https://registry.npmjs.org/typescript/-/typescript-5.9.3.tgz",
      "integrity": "sha512-jl1vZzPDinLr9eUt3J/t7V6FgNEw9QjvBPdysz9KfQDD41fQrC2Y4vKQdiaUpFT4bXlb1RHhLpp8wtm6M5TgSw==",
      "dev": true,
      "license": "Apache-2.0",
      "bin": {
        "tsc": "bin/tsc",
        "tsserver": "bin/tsserver"
      },
      "engines": {
        "node": ">=14.17"
      }
    },
    "node_modules/undici-types": {
      "version": "7.16.0",
      "resolved": "https://registry.npmjs.org/undici-types/-/undici-types-7.16.0.tgz",
      "integrity": "sha512-Zz+aZWSj8LE6zoxD+xrjh4VfkIG8Ya6LvYkZqtUQGJPZjYl53ypCaUwWqo7eI0x66KBGeRo+mlBEkMSeSZ38Nw==",
      "dev": true,
      "license": "MIT"
    },
    "node_modules/ws": {
      "version": "8.21.1",
      "resolved": "https://registry.npmjs.org/ws/-/ws-8.21.1.tgz",
      "integrity": "sha512-+0NTnW77fFN/DjQi6k/Sq/Yvk4Sgajw7urW8V+asjXnRgDs9gyGkdb7EzgfhA4goXsRIZKE28fzIXBHEzhuiWw==",
      "license": "MIT",
      "engines": {
        "node": ">=10.0.0"
      },
      "peerDependencies": {
        "bufferutil": "^4.0.1",
        "utf-8-validate": ">=5.0.2"
      },
      "peerDependenciesMeta": {
        "bufferutil": {
          "optional": true
        },
        "utf-8-validate": {
          "optional": true
        }
      }
    }
  }
}
